{
    "_readme": [
        "This file locks the dependencies of your project to a known state",
        "Read more about it at https://getcomposer.org/doc/01-basic-usage.md#installing-dependencies",
        "This file is @generated automatically"
    ],
    "content-hash": "d3114f2f2ac8e72cebc3f7a340b94a73",
    "packages": [
        {
            "name": "stratadox/collection-contracts",
            "version": "v3",
            "source": {
                "type": "git",
                "url": "https://github.com/Stratadox/CollectionContracts.git",
                "reference": "fd99ff308c5bab5e07fce7a821ceee4af515e4a2"
            },
            "dist": {
                "type": "zip",
                "url": "https://api.github.com/repos/Stratadox/CollectionContracts/zipball/fd99ff308c5bab5e07fce7a821ceee4af515e4a2",
                "reference": "fd99ff308c5bab5e07fce7a821ceee4af515e4a2",
                "shasum": ""
            },
            "require": {
                "php": ">=7.1",
                "stratadox/sorting-contracts": "^0.3.0",
                "stratadox/specification-interfaces": "^1.0"
            },
            "type": "library",
            "autoload": {
                "psr-4": {
                    "Stratadox\\Collection\\": "src"
                }
            },
            "notification-url": "https://packagist.org/downloads/",
            "license": [
                "MIT"
            ],
            "authors": [
                {
                    "name": "Stratadox",
                    "homepage": "http://www.stratadox.com/"
                }
            ],
            "description": "Interfaces for the collection classes.",
            "support": {
                "issues": "https://github.com/Stratadox/CollectionContracts/issues",
                "source": "https://github.com/Stratadox/CollectionContracts/tree/v3"
            },
            "time": "2020-11-02T18:56:02+00:00"
        },
        {
            "name": "stratadox/sorting-contracts",
            "version": "v0.3",
            "source": {
                "type": "git",
                "url": "https://github.com/Stratadox/SortingContracts.git",
                "reference": "f040c3f45460a1d03748f14e62635cfccbe185a5"
            },
            "dist": {
                "type": "zip",
                "url": "https://api.github.com/repos/Stratadox/SortingContracts/zipball/f040c3f45460a1d03748f14e62635cfccbe185a5",
                "reference": "f040c3f45460a1d03748f14e62635cfccbe185a5",
                "shasum": ""
            },
            "require": {
                "php": ">=7"
            },
            "type": "library",
            "autoload": {
                "psr-4": {
                    "Stratadox\\Sorting\\Contracts\\": "src"
                }
            },
            "notification-url": "https://packagist.org/downloads/",
            "license": [
                "MIT"
            ],
            "authors": [
                {
                    "name": "Stratadox",
                    "homepage": "http://www.stratadox.com/"
                }
            ],
            "support": {
                "issues": "https://github.com/Stratadox/SortingContracts/issues",
                "source": "https://github.com/Stratadox/SortingContracts/tree/master"
            },
            "time": "2019-11-24T20:48:45+00:00"
        },
        {
            "name": "stratadox/specification-interfaces",
            "version": "v1.0.1",
            "source": {
                "type": "git",
                "url": "https://github.com/Stratadox/SpecificationInterfaces.git",
                "reference": "bff3d973c5a101fbea7a40cd236dcd520d35ba3d"
            },
            "dist": {
                "type": "zip",
                "url": "https://api.github.com/repos/Stratadox/SpecificationInterfaces/zipball/bff3d973c5a101fbea7a40cd236dcd520d35ba3d",
                "reference": "bff3d973c5a101fbea7a40cd236dcd520d35ba3d",
                "shasum": ""
            },
            "require": {
                "php": ">=7.0"
            },
            "type": "library",
            "autoload": {
                "psr-4": {
                    "Stratadox\\Specification\\Contract\\": "src/"
                }
            },
            "notification-url": "https://packagist.org/downloads/",
            "license": [
                "MIT"
            ],
            "authors": [
                {
                    "name": "Stratadox",
                    "homepage": "http://www.stratadox.com/"
                }
            ],
            "description": "Interfaces for the Specification Pattern for Php7",
            "keywords": [
                "PHP7",
                "Specifications",
                "condition",
                "contract",
                "contracts",
                "ddd",
                "filter",
                "filters",
                "interface",
                "interfaces",
                "isSatisfiedBy",
                "pattern",
                "satisfiable",
                "satisfied",
                "satisfiedBy",
                "satisfying",
                "select",
                "selector",
                "specification",
                "specifier",
                "specifying",
                "stratadox"
            ],
            "support": {
                "issues": "https://github.com/Stratadox/SpecificationInterfaces/issues",
                "source": "https://github.com/Stratadox/SpecificationInterfaces/tree/v1.0.1"
            },
            "time": "2017-09-07T22:10:47+00:00"
        }
    ],
    "packages-dev": [],
    "aliases": [],
    "minimum-stability": "stable",
    "stability-flags": [],
    "prefer-stable": false,
    "prefer-lowest": false,
    "platform": {
        "php": ">=7.1"
    },
    "platform-dev": [],
    "plugin-api-version": "2.0.0"
}
